
Microsoft Visual Studio Solution File, Format Version 12.00
# Visual Studio 15
VisualStudioVersion = 15.0.28307.1321
MinimumVisualStudioVersion = 10.0.40219.1
Project("{9A19103F-16F7-4668-BE54-9A1E7A4F7556}") = "BookCatalog", "src\BookCatalog.csproj", "{7C0359E6-A573-41FD-B0A6-9CF9F2585748}"
EndProject
Project("{2150E333-8FDC-42A3-9474-1A3956D46DE8}") = "src", "src", "{026EFE13-1081-4027-BC4C-CFE19BF0A12F}"
EndProject
Project("{2150E333-8FDC-42A3-9474-1A3956D46DE8}") = "test", "test", "{17DED04F-5C1C-4FE9-8CFE-6D00F637AA00}"
EndProject
Project("{FAE04EC0-301F-11D3-BF4B-00C04F79EFBC}") = "BookCatalog.Tests", "test\BookCatalog.Tests\BookCatalog.Tests.csproj", "{A91642FB-7661-4E8A-B17C-85C862A59134}"
EndProject
Global
	GlobalSection(SolutionConfigurationPlatforms) = preSolution
		Debug|Any CPU = Debug|Any CPU
		Debug|x64 = Debug|x64
		Debug|x86 = Debug|x86
		Release|Any CPU = Release|Any CPU
		Release|x64 = Release|x64
		Release|x86 = Release|x86
	EndGlobalSection
	GlobalSection(ProjectConfigurationPlatforms) = postSolution
		{7C0359E6-A573-41FD-B0A6-9CF9F2585748}.Debug|Any CPU.ActiveCfg = Debug|Any CPU
		{7C0359E6-A573-41FD-B0A6-9CF9F2585748}.Debug|Any CPU.Build.0 = Debug|Any CPU
		{7C0359E6-A573-41FD-B0A6-9CF9F2585748}.Debug|x64.ActiveCfg = Debug|Any CPU
		{7C0359E6-A573-41FD-B0A6-9CF9F2585748}.Debug|x64.Build.0 = Debug|Any CPU
		{7C0359E6-A573-41FD-B0A6-9CF9F2585748}.Debug|x86.ActiveCfg = Debug|Any CPU
		{7C0359E6-A573-41FD-B0A6-9CF9F2585748}.Debug|x86.Build.0 = Debug|Any CPU
		{7C0359E6-A573-41FD-B0A6-9CF9F2585748}.Release|Any CPU.ActiveCfg = Release|Any CPU
		{7C0359E6-A573-41FD-B0A6-9CF9F2585748}.Release|Any CPU.Build.0 = Release|Any CPU
		{7C0359E6-A573-41FD-B0A6-9CF9F2585748}.Release|x64.ActiveCfg = Release|Any CPU
		{7C0359E6-A573-41FD-B0A6-9CF9F2585748}.Release|x64.Build.0 = Release|Any CPU
		{7C0359E6-A573-41FD-B0A6-9CF9F2585748}.Release|x86.ActiveCfg = Release|Any CPU
		{7C0359E6-A573-41FD-B0A6-9CF9F2585748}.Release|x86.Build.0 = Release|Any CPU
		{A91642FB-7661-4E8A-B17C-85C862A59134}.Debug|Any CPU.ActiveCfg = Debug|Any CPU
		{A91642FB-7661-4E8A-B17C-85C862A59134}.Debug|Any CPU.Build.0 = Debug|Any CPU
		{A91642FB-7661-4E8A-B17C-85C862A59134}.Debug|x64.ActiveCfg = Debug|Any CPU
		{A91642FB-7661-4E8A-B17C-85C862A59134}.Debug|x64.Build.0 = Debug|Any CPU
		{A91642FB-7661-4E8A-B17C-85C862A59134}.Debug|x86.ActiveCfg = Debug|Any CPU
		{A91642FB-7661-4E8A-B17C-85C862A59134}.Debug|x86.Build.0 = Debug|Any CPU
		{A91642FB-7661-4E8A-B17C-85C862A59134}.Release|Any CPU.ActiveCfg = Release|Any CPU
		{A91642FB-7661-4E8A-B17C-85C862A59134}.Release|Any CPU.Build.0 = Release|Any CPU
		{A91642FB-7661-4E8A-B17C-85C862A59134}.Release|x64.ActiveCfg = Release|Any CPU
		{A91642FB-7661-4E8A-B17C-85C862A59134}.Release|x64.Build.0 = Release|Any CPU
		{A91642FB-7661-4E8A-B17C-85C862A59134}.Release|x86.ActiveCfg = Release|Any CPU
		{A91642FB-7661-4E8A-B17C-85C862A59134}.Release|x86.Build.0 = Release|Any CPU
	EndGlobalSection
	GlobalSection(SolutionProperties) = preSolution
		HideSolutionNode = FALSE
	EndGlobalSection
	GlobalSection(NestedProjects) = preSolution
		{7C0359E6-A573-41FD-B0A6-9CF9F2585748} = {026EFE13-1081-4027-BC4C-CFE19BF0A12F}
		{A91642FB-7661-4E8A-B17C-85C862A59134} = {17DED04F-5C1C-4FE9-8CFE-6D00F637AA00}
	EndGlobalSection
	GlobalSection(ExtensibilityGlobals) = postSolution
		SolutionGuid = {7FC8ED54-A3C2-48EC-BE6A-278166CD1FAC}
	EndGlobalSection
EndGlobal
